
Microsoft Visual Studio Solution File, Format Version 12.00
# Visual Studio Version 17
VisualStudioVersion = 17.11.35327.3
MinimumVisualStudioVersion = 10.0.40219.1
Project("{FAE04EC0-301F-11D3-BF4B-00C04F79EFBC}") = "HideInBMP", "HideInBMP.csproj", "{F5C066AF-C1A3-4F90-852C-E49F3FD33328}"
EndProject
Global
	GlobalSection(SolutionConfigurationPlatforms) = preSolution
		Debug|Any CPU = Debug|Any CPU
		Release|Any CPU = Release|Any CPU
	EndGlobalSection
	GlobalSection(ProjectConfigurationPlatforms) = postSolution
		{F5C066AF-C1A3-4F90-852C-E49F3FD33328}.Debug|Any CPU.ActiveCfg = Debug|Any CPU
		{F5C066AF-C1A3-4F90-852C-E49F3FD33328}.Debug|Any CPU.Build.0 = Debug|Any CPU
		{F5C066AF-C1A3-4F90-852C-E49F3FD33328}.Release|Any CPU.ActiveCfg = Release|Any CPU
		{F5C066AF-C1A3-4F90-852C-E49F3FD33328}.Release|Any CPU.Build.0 = Release|Any CPU
	EndGlobalSection
	GlobalSection(SolutionProperties) = preSolution
		HideSolutionNode = FALSE
	EndGlobalSection
	GlobalSection(ExtensibilityGlobals) = postSolution
		SolutionGuid = {1F7C6ABF-6D1C-4701-8724-F8A5848DD363}
	EndGlobalSection
EndGlobal
